Microsoft Visual Studio Solution File, Format Version 11.00
# Visual Studio 2008

Project("{F0494A9A-1C9A-2B00-1186-693D1E0733CD}") = "2D-ZombieGame", "Assembly-CSharp.csproj", "{F8C6859B-293A-3964-F3D7-BC24EFCE7E46}"
EndProject
Global
	GlobalSection(SolutionConfigurationPlatforms) = preSolution
		Debug|Any CPU = Debug|Any CPU
		Release|Any CPU = Release|Any CPU
	EndGlobalSection
	GlobalSection(ProjectConfigurationPlatforms) = postSolution
		{F8C6859B-293A-3964-F3D7-BC24EFCE7E46}.Debug|Any CPU.ActiveCfg = Debug|Any CPU
		{F8C6859B-293A-3964-F3D7-BC24EFCE7E46}.Debug|Any CPU.Build.0 = Debug|Any CPU
		{F8C6859B-293A-3964-F3D7-BC24EFCE7E46}.Release|Any CPU.ActiveCfg = Release|Any CPU
		{F8C6859B-293A-3964-F3D7-BC24EFCE7E46}.Release|Any CPU.Build.0 = Release|Any CPU
	EndGlobalSection
	GlobalSection(SolutionProperties) = preSolution
		HideSolutionNode = FALSE
	EndGlobalSection
																																												GlobalSection(MonoDevelopProperties) = preSolution
=======
																																							GlobalSection(MonoDevelopProperties) = preSolution
>>>>>>> origin/master
=======
																																GlobalSection(MonoDevelopProperties) = preSolution
>>>>>>> origin/liu_branch
=======
																																	GlobalSection(MonoDevelopProperties) = preSolution
>>>>>>> Stashed changes
		StartupItem = Assembly-CSharp.csproj
		Policies = $0
		$0.TextStylePolicy = $1
		$1.inheritsSet = null
		$1.scope = text/x-csharp
		$0.CSharpFormattingPolicy = $2
		$2.inheritsSet = Mono
		$2.inheritsScope = text/x-csharp
		$2.scope = text/x-csharp
		$0.TextStylePolicy = $3
		$3.FileWidth = 120
		$3.TabWidth = 4
		$3.EolMarker = Unix
		$3.inheritsSet = Mono
		$3.inheritsScope = text/plain
		$3.scope = text/plain
	EndGlobalSection

EndGlobal
